
Microsoft Visual Studio Solution File, Format Version 12.00
# Visual Studio Version 16
VisualStudioVersion = 16.0.34114.132
MinimumVisualStudioVersion = 10.0.40219.1
Project("{FAE04EC0-301F-11D3-BF4B-00C04F79EFBC}") = "EtherMeterService", "EtherMeterService.csproj", "{929E27BF-CDFE-416C-97F1-D36222F2FFB4}"
EndProject
Global
	GlobalSection(SolutionConfigurationPlatforms) = preSolution
		Debug|Any CPU = Debug|Any CPU
		Release|Any CPU = Release|Any CPU
	EndGlobalSection
	GlobalSection(ProjectConfigurationPlatforms) = postSolution
		{929E27BF-CDFE-416C-97F1-D36222F2FFB4}.Debug|Any CPU.ActiveCfg = Debug|Any CPU
		{929E27BF-CDFE-416C-97F1-D36222F2FFB4}.Debug|Any CPU.Build.0 = Debug|Any CPU
		{929E27BF-CDFE-416C-97F1-D36222F2FFB4}.Release|Any CPU.ActiveCfg = Release|Any CPU
		{929E27BF-CDFE-416C-97F1-D36222F2FFB4}.Release|Any CPU.Build.0 = Release|Any CPU
	EndGlobalSection
	GlobalSection(SolutionProperties) = preSolution
		HideSolutionNode = FALSE
	EndGlobalSection
	GlobalSection(ExtensibilityGlobals) = postSolution
		SolutionGuid = {11883FE8-E620-4748-8F7D-CAE636CC3A20}
	EndGlobalSection
EndGlobal
